
Microsoft Visual Studio Solution File, Format Version 12.00
# Visual Studio Version 17
VisualStudioVersion = 17.4.33103.184
MinimumVisualStudioVersion = 10.0.40219.1
Project("{9A19103F-16F7-4668-BE54-9A1E7A4F7556}") = "SocialNetwork.Core", "SocialNetwork.Core\SocialNetwork.Core.csproj", "{5DEC76DB-167B-425B-B5DC-B6B0B72C122D}"
EndProject
Project("{9A19103F-16F7-4668-BE54-9A1E7A4F7556}") = "SocialNetwork.Infrastructure", "SocialNetwork.Infrastructure\SocialNetwork.Infrastructure.csproj", "{C17D3D69-546A-40B8-AE1B-E1DDE61ADED4}"
EndProject
Project("{9A19103F-16F7-4668-BE54-9A1E7A4F7556}") = "SocialNetwork.Shared", "SocialNetwork.Shared\SocialNetwork.Shared.csproj", "{7CC40301-868C-4C0A-89FC-0DF9BE43DAC9}"
EndProject
Project("{2150E333-8FDC-42A3-9474-1A3956D46DE8}") = "Tests", "Tests", "{7FF95EAE-F940-490B-9212-74891B6F88B5}"
EndProject
Project("{9A19103F-16F7-4668-BE54-9A1E7A4F7556}") = "SocialNetwork.Tests", "SocialNetwork.Tests\SocialNetwork.Tests.csproj", "{95CD5004-D08F-4858-9644-08907D7FA583}"
EndProject
Project("{9A19103F-16F7-4668-BE54-9A1E7A4F7556}") = "SocialNetwork.WebUI", "SocialNetwork.WebUI\SocialNetwork.WebUI.csproj", "{EEA97138-D5F1-47A2-97DC-AD1D42150767}"
EndProject
Global
	GlobalSection(SolutionConfigurationPlatforms) = preSolution
		Debug|Any CPU = Debug|Any CPU
		Release|Any CPU = Release|Any CPU
	EndGlobalSection
	GlobalSection(ProjectConfigurationPlatforms) = postSolution
		{5DEC76DB-167B-425B-B5DC-B6B0B72C122D}.Debug|Any CPU.ActiveCfg = Debug|Any CPU
		{5DEC76DB-167B-425B-B5DC-B6B0B72C122D}.Debug|Any CPU.Build.0 = Debug|Any CPU
		{5DEC76DB-167B-425B-B5DC-B6B0B72C122D}.Release|Any CPU.ActiveCfg = Release|Any CPU
		{5DEC76DB-167B-425B-B5DC-B6B0B72C122D}.Release|Any CPU.Build.0 = Release|Any CPU
		{C17D3D69-546A-40B8-AE1B-E1DDE61ADED4}.Debug|Any CPU.ActiveCfg = Debug|Any CPU
		{C17D3D69-546A-40B8-AE1B-E1DDE61ADED4}.Debug|Any CPU.Build.0 = Debug|Any CPU
		{C17D3D69-546A-40B8-AE1B-E1DDE61ADED4}.Release|Any CPU.ActiveCfg = Release|Any CPU
		{C17D3D69-546A-40B8-AE1B-E1DDE61ADED4}.Release|Any CPU.Build.0 = Release|Any CPU
		{7CC40301-868C-4C0A-89FC-0DF9BE43DAC9}.Debug|Any CPU.ActiveCfg = Debug|Any CPU
		{7CC40301-868C-4C0A-89FC-0DF9BE43DAC9}.Debug|Any CPU.Build.0 = Debug|Any CPU
		{7CC40301-868C-4C0A-89FC-0DF9BE43DAC9}.Release|Any CPU.ActiveCfg = Release|Any CPU
		{7CC40301-868C-4C0A-89FC-0DF9BE43DAC9}.Release|Any CPU.Build.0 = Release|Any CPU
		{95CD5004-D08F-4858-9644-08907D7FA583}.Debug|Any CPU.ActiveCfg = Debug|Any CPU
		{95CD5004-D08F-4858-9644-08907D7FA583}.Debug|Any CPU.Build.0 = Debug|Any CPU
		{95CD5004-D08F-4858-9644-08907D7FA583}.Release|Any CPU.ActiveCfg = Release|Any CPU
		{95CD5004-D08F-4858-9644-08907D7FA583}.Release|Any CPU.Build.0 = Release|Any CPU
		{EEA97138-D5F1-47A2-97DC-AD1D42150767}.Debug|Any CPU.ActiveCfg = Debug|Any CPU
		{EEA97138-D5F1-47A2-97DC-AD1D42150767}.Debug|Any CPU.Build.0 = Debug|Any CPU
		{EEA97138-D5F1-47A2-97DC-AD1D42150767}.Release|Any CPU.ActiveCfg = Release|Any CPU
		{EEA97138-D5F1-47A2-97DC-AD1D42150767}.Release|Any CPU.Build.0 = Release|Any CPU
	EndGlobalSection
	GlobalSection(SolutionProperties) = preSolution
		HideSolutionNode = FALSE
	EndGlobalSection
	GlobalSection(NestedProjects) = preSolution
		{95CD5004-D08F-4858-9644-08907D7FA583} = {7FF95EAE-F940-490B-9212-74891B6F88B5}
	EndGlobalSection
	GlobalSection(ExtensibilityGlobals) = postSolution
		SolutionGuid = {87B2ADD9-7573-4962-9548-D3173197EB10}
	EndGlobalSection
EndGlobal
